# THIS IS AN AUTOGENERATED FILE. DO NOT EDIT THIS FILE DIRECTLY.
# yarn lockfile v1


"@client-side-validations/client-side-validations@^0.1.1":
  version "0.1.1"
  resolved "https://registry.yarnpkg.com/@client-side-validations/client-side-validations/-/client-side-validations-0.1.1.tgz#588488972ad09a5b5e50d2b8e2916bc8b2138c88"
  integrity sha512-f/5dczipcMzEvxIm+SAWDdKjfQtt/aX8N613BeL+CJymv9VIwT9NNXxzrZ9QJyOfDhpudO1teJ9e3UdxDYts+A==

toggle-class@^0.0.0:
  version "0.0.0"
  resolved "https://registry.yarnpkg.com/toggle-class/-/toggle-class-0.0.0.tgz#282912b6bee91c5c4ee3083ea1b3043554be68b0"
  integrity sha1-KCkStr7pHFxO4wg+obMENVS+aLA=
